
Microsoft Visual Studio Solution File, Format Version 12.00
# Visual Studio Version 16
VisualStudioVersion = 16.0.32901.82
MinimumVisualStudioVersion = 10.0.40219.1
Project("{FAE04EC0-301F-11D3-BF4B-00C04F79EFBC}") = "QuickFillUserAPI", "QuickFillUserAPI\QuickFillUserAPI.csproj", "{F940C510-636C-4DC2-9591-5BBBB6FBA037}"
EndProject
Global
	GlobalSection(SolutionConfigurationPlatforms) = preSolution
		Debug|Any CPU = Debug|Any CPU
		Release|Any CPU = Release|Any CPU
	EndGlobalSection
	GlobalSection(ProjectConfigurationPlatforms) = postSolution
		{F940C510-636C-4DC2-9591-5BBBB6FBA037}.Debug|Any CPU.ActiveCfg = Debug|Any CPU
		{F940C510-636C-4DC2-9591-5BBBB6FBA037}.Debug|Any CPU.Build.0 = Debug|Any CPU
		{F940C510-636C-4DC2-9591-5BBBB6FBA037}.Release|Any CPU.ActiveCfg = Release|Any CPU
		{F940C510-636C-4DC2-9591-5BBBB6FBA037}.Release|Any CPU.Build.0 = Release|Any CPU
	EndGlobalSection
	GlobalSection(SolutionProperties) = preSolution
		HideSolutionNode = FALSE
	EndGlobalSection
	GlobalSection(ExtensibilityGlobals) = postSolution
		SolutionGuid = {CBF0AD64-541A-4F32-897E-5039525EF393}
	EndGlobalSection
EndGlobal
